
Microsoft Visual Studio Solution File, Format Version 12.00
# Visual Studio Version 17
VisualStudioVersion = 17.4.33103.184
MinimumVisualStudioVersion = 10.0.40219.1
Project("{9A19103F-16F7-4668-BE54-9A1E7A4F7556}") = "DataAccess", "DataAccess\DataAccess.csproj", "{4C5C4C42-4994-418B-8D17-6C457D713E63}"
EndProject
Project("{9A19103F-16F7-4668-BE54-9A1E7A4F7556}") = "Business", "Business\Business.csproj", "{C99DD498-2EED-4F2E-99C3-DCEEB38BC4E1}"
EndProject
Project("{9A19103F-16F7-4668-BE54-9A1E7A4F7556}") = "ConsoleUI", "ConsoleUI\ConsoleUI.csproj", "{C335431F-2E8C-4A9D-8AFB-F4DD280A8012}"
EndProject
Project("{9A19103F-16F7-4668-BE54-9A1E7A4F7556}") = "Entities", "Entities\Entities.csproj", "{27055D35-3A8F-4B66-9F50-C12AF96AF961}"
EndProject
Project("{9A19103F-16F7-4668-BE54-9A1E7A4F7556}") = "Core", "Core\Core.csproj", "{8DFF062D-423F-4B31-B92C-2B19DB5CA0C7}"
EndProject
Project("{FAE04EC0-301F-11D3-BF4B-00C04F79EFBC}") = "WebAPI", "WebAPI\WebAPI.csproj", "{BA955F35-FA22-4CFD-943A-EE96A9570248}"
EndProject
Global
	GlobalSection(SolutionConfigurationPlatforms) = preSolution
		Debug|Any CPU = Debug|Any CPU
		Release|Any CPU = Release|Any CPU
	EndGlobalSection
	GlobalSection(ProjectConfigurationPlatforms) = postSolution
		{4C5C4C42-4994-418B-8D17-6C457D713E63}.Debug|Any CPU.ActiveCfg = Debug|Any CPU
		{4C5C4C42-4994-418B-8D17-6C457D713E63}.Debug|Any CPU.Build.0 = Debug|Any CPU
		{4C5C4C42-4994-418B-8D17-6C457D713E63}.Release|Any CPU.ActiveCfg = Release|Any CPU
		{4C5C4C42-4994-418B-8D17-6C457D713E63}.Release|Any CPU.Build.0 = Release|Any CPU
		{C99DD498-2EED-4F2E-99C3-DCEEB38BC4E1}.Debug|Any CPU.ActiveCfg = Debug|Any CPU
		{C99DD498-2EED-4F2E-99C3-DCEEB38BC4E1}.Debug|Any CPU.Build.0 = Debug|Any CPU
		{C99DD498-2EED-4F2E-99C3-DCEEB38BC4E1}.Release|Any CPU.ActiveCfg = Release|Any CPU
		{C99DD498-2EED-4F2E-99C3-DCEEB38BC4E1}.Release|Any CPU.Build.0 = Release|Any CPU
		{C335431F-2E8C-4A9D-8AFB-F4DD280A8012}.Debug|Any CPU.ActiveCfg = Debug|Any CPU
		{C335431F-2E8C-4A9D-8AFB-F4DD280A8012}.Debug|Any CPU.Build.0 = Debug|Any CPU
		{C335431F-2E8C-4A9D-8AFB-F4DD280A8012}.Release|Any CPU.ActiveCfg = Release|Any CPU
		{C335431F-2E8C-4A9D-8AFB-F4DD280A8012}.Release|Any CPU.Build.0 = Release|Any CPU
		{27055D35-3A8F-4B66-9F50-C12AF96AF961}.Debug|Any CPU.ActiveCfg = Debug|Any CPU
		{27055D35-3A8F-4B66-9F50-C12AF96AF961}.Debug|Any CPU.Build.0 = Debug|Any CPU
		{27055D35-3A8F-4B66-9F50-C12AF96AF961}.Release|Any CPU.ActiveCfg = Release|Any CPU
		{27055D35-3A8F-4B66-9F50-C12AF96AF961}.Release|Any CPU.Build.0 = Release|Any CPU
		{8DFF062D-423F-4B31-B92C-2B19DB5CA0C7}.Debug|Any CPU.ActiveCfg = Debug|Any CPU
		{8DFF062D-423F-4B31-B92C-2B19DB5CA0C7}.Debug|Any CPU.Build.0 = Debug|Any CPU
		{8DFF062D-423F-4B31-B92C-2B19DB5CA0C7}.Release|Any CPU.ActiveCfg = Release|Any CPU
		{8DFF062D-423F-4B31-B92C-2B19DB5CA0C7}.Release|Any CPU.Build.0 = Release|Any CPU
		{BA955F35-FA22-4CFD-943A-EE96A9570248}.Debug|Any CPU.ActiveCfg = Debug|Any CPU
		{BA955F35-FA22-4CFD-943A-EE96A9570248}.Debug|Any CPU.Build.0 = Debug|Any CPU
		{BA955F35-FA22-4CFD-943A-EE96A9570248}.Release|Any CPU.ActiveCfg = Release|Any CPU
		{BA955F35-FA22-4CFD-943A-EE96A9570248}.Release|Any CPU.Build.0 = Release|Any CPU
	EndGlobalSection
	GlobalSection(SolutionProperties) = preSolution
		HideSolutionNode = FALSE
	EndGlobalSection
	GlobalSection(ExtensibilityGlobals) = postSolution
		SolutionGuid = {20D3BBD3-2343-40AF-85B0-62BB33E603C2}
	EndGlobalSection
EndGlobal
